
Microsoft Visual Studio Solution File, Format Version 12.00
# Visual Studio Version 17
VisualStudioVersion = 17.7.34221.43
MinimumVisualStudioVersion = 10.0.40219.1
Project("{FAE04EC0-301F-11D3-BF4B-00C04F79EFBC}") = "22. Static_Methods_and_Classes", "22. Static_Methods_and_Classes.csproj", "{27BAFA32-9390-43D7-A03B-717436FE7264}"
EndProject
Global
	GlobalSection(SolutionConfigurationPlatforms) = preSolution
		Debug|Any CPU = Debug|Any CPU
		Release|Any CPU = Release|Any CPU
	EndGlobalSection
	GlobalSection(ProjectConfigurationPlatforms) = postSolution
		{27BAFA32-9390-43D7-A03B-717436FE7264}.Debug|Any CPU.ActiveCfg = Debug|Any CPU
		{27BAFA32-9390-43D7-A03B-717436FE7264}.Debug|Any CPU.Build.0 = Debug|Any CPU
		{27BAFA32-9390-43D7-A03B-717436FE7264}.Release|Any CPU.ActiveCfg = Release|Any CPU
		{27BAFA32-9390-43D7-A03B-717436FE7264}.Release|Any CPU.Build.0 = Release|Any CPU
	EndGlobalSection
	GlobalSection(SolutionProperties) = preSolution
		HideSolutionNode = FALSE
	EndGlobalSection
	GlobalSection(ExtensibilityGlobals) = postSolution
		SolutionGuid = {82522E94-45A2-471A-875B-C7F17683E895}
	EndGlobalSection
EndGlobal
